
Microsoft Visual Studio Solution File, Format Version 12.00
# Visual Studio Version 17
VisualStudioVersion = 17.0.31903.59
MinimumVisualStudioVersion = 10.0.40219.1
Project("{2150E333-8FDC-42A3-9474-1A3956D46DE8}") = "Library", "Library", "{CC666E2E-43FC-4835-8E5B-763A8EE8C9A8}"
EndProject
Project("{2150E333-8FDC-42A3-9474-1A3956D46DE8}") = "Samples", "Samples", "{A5B12827-B010-4668-A5BD-99AC8BFDC98C}"
EndProject
Project("{2150E333-8FDC-42A3-9474-1A3956D46DE8}") = "Tests", "Tests", "{FE7F0BF7-9809-4272-BE6D-FD91A2F07767}"
EndProject
Project("{2150E333-8FDC-42A3-9474-1A3956D46DE8}") = "Uwp", "Uwp", "{A2D7F047-001D-4410-A542-0BEAAE9B9121}"
EndProject
Project("{2150E333-8FDC-42A3-9474-1A3956D46DE8}") = "WinUI", "WinUI", "{E738AA48-B59E-4EA0-90CF-29A222F7150C}"
EndProject
Project("{9A19103F-16F7-4668-BE54-9A1E7A4F7556}") = "UnoWinUISample", "Samples\UnoWinUISample\UnoWinUISample\UnoWinUISample.csproj", "{AC120A32-DFBB-4F4B-992A-49A6830C55DF}"
EndProject
Project("{9A19103F-16F7-4668-BE54-9A1E7A4F7556}") = "UnoWinUISample.Mobile", "Samples\UnoWinUISample\UnoWinUISample.Mobile\UnoWinUISample.Mobile.csproj", "{94728AD6-49DE-47AF-B581-4ACAB093F32A}"
EndProject
Project("{9A19103F-16F7-4668-BE54-9A1E7A4F7556}") = "UnoWinUISample.Windows", "Samples\UnoWinUISample\UnoWinUISample.Windows\UnoWinUISample.Windows.csproj", "{05C478D0-95E6-40BD-A94B-915DD3B4430D}"
EndProject
Project("{9A19103F-16F7-4668-BE54-9A1E7A4F7556}") = "UnoWinUISample.Wasm", "Samples\UnoWinUISample\UnoWinUISample.Wasm\UnoWinUISample.Wasm.csproj", "{4BDA6364-CE19-44BC-8C2E-711C12882B9E}"
EndProject
Project("{9A19103F-16F7-4668-BE54-9A1E7A4F7556}") = "UnoWinUISample.Skia.Gtk", "Samples\UnoWinUISample\UnoWinUISample.Skia.Gtk\UnoWinUISample.Skia.Gtk.csproj", "{93415FC7-984C-415A-9DAF-0A837E193D4D}"
EndProject
Project("{9A19103F-16F7-4668-BE54-9A1E7A4F7556}") = "UnoWinUISample.Skia.Wpf", "Samples\UnoWinUISample\UnoWinUISample.Skia.WPF\UnoWinUISample.Skia.Wpf.csproj", "{8B0951FC-E83D-4D6F-AC7A-AA6065638486}"
EndProject
Project("{9A19103F-16F7-4668-BE54-9A1E7A4F7556}") = "UnoWinUISample.Skia.Linux.FrameBuffer", "Samples\UnoWinUISample\UnoWinUISample.Skia.Linux.FrameBuffer\UnoWinUISample.Skia.Linux.FrameBuffer.csproj", "{16D0F80F-7673-4935-ACF5-310E729A7B82}"
EndProject
Project("{9A19103F-16F7-4668-BE54-9A1E7A4F7556}") = "AdaptiveCards.ObjectModel.UnoWinUI", "Library\AdaptiveCards.ObjectModel.UnoWinUI\AdaptiveCards.ObjectModel.UnoWinUI.csproj", "{955F12E6-E144-4333-A344-276D20A5FCE0}"
EndProject
Project("{9A19103F-16F7-4668-BE54-9A1E7A4F7556}") = "AdaptiveCards.Rendering.UnoWinUI", "Library\AdaptiveCards.Rendering.UnoWinUI\AdaptiveCards.Rendering.UnoWinUI.csproj", "{BB2A9F3F-710F-41C4-B459-9989C4E27472}"
EndProject
Project("{9A19103F-16F7-4668-BE54-9A1E7A4F7556}") = "AdaptiveCards.Rendering.UnoUwp", "Library\AdaptiveCards.Rendering.UnoUwp\AdaptiveCards.Rendering.UnoUwp.csproj", "{0C13FE29-9785-441B-8C86-B0F3435CD771}"
EndProject
Global
	GlobalSection(SolutionConfigurationPlatforms) = preSolution
		Debug|Any CPU = Debug|Any CPU
		Debug|arm64 = Debug|arm64
		Debug|x64 = Debug|x64
		Debug|x86 = Debug|x86
		Release|Any CPU = Release|Any CPU
		Release|arm64 = Release|arm64
		Release|x64 = Release|x64
		Release|x86 = Release|x86
	EndGlobalSection
	GlobalSection(ProjectConfigurationPlatforms) = postSolution
		{AC120A32-DFBB-4F4B-992A-49A6830C55DF}.Debug|Any CPU.ActiveCfg = Debug|Any CPU
		{AC120A32-DFBB-4F4B-992A-49A6830C55DF}.Debug|Any CPU.Build.0 = Debug|Any CPU
		{AC120A32-DFBB-4F4B-992A-49A6830C55DF}.Debug|arm64.ActiveCfg = Debug|Any CPU
		{AC120A32-DFBB-4F4B-992A-49A6830C55DF}.Debug|arm64.Build.0 = Debug|Any CPU
		{AC120A32-DFBB-4F4B-992A-49A6830C55DF}.Debug|x64.ActiveCfg = Debug|Any CPU
		{AC120A32-DFBB-4F4B-992A-49A6830C55DF}.Debug|x64.Build.0 = Debug|Any CPU
		{AC120A32-DFBB-4F4B-992A-49A6830C55DF}.Debug|x86.ActiveCfg = Debug|Any CPU
		{AC120A32-DFBB-4F4B-992A-49A6830C55DF}.Debug|x86.Build.0 = Debug|Any CPU
		{AC120A32-DFBB-4F4B-992A-49A6830C55DF}.Release|Any CPU.ActiveCfg = Release|Any CPU
		{AC120A32-DFBB-4F4B-992A-49A6830C55DF}.Release|Any CPU.Build.0 = Release|Any CPU
		{AC120A32-DFBB-4F4B-992A-49A6830C55DF}.Release|arm64.ActiveCfg = Release|Any CPU
		{AC120A32-DFBB-4F4B-992A-49A6830C55DF}.Release|arm64.Build.0 = Release|Any CPU
		{AC120A32-DFBB-4F4B-992A-49A6830C55DF}.Release|x64.ActiveCfg = Release|Any CPU
		{AC120A32-DFBB-4F4B-992A-49A6830C55DF}.Release|x64.Build.0 = Release|Any CPU
		{AC120A32-DFBB-4F4B-992A-49A6830C55DF}.Release|x86.ActiveCfg = Release|Any CPU
		{AC120A32-DFBB-4F4B-992A-49A6830C55DF}.Release|x86.Build.0 = Release|Any CPU
		{94728AD6-49DE-47AF-B581-4ACAB093F32A}.Debug|Any CPU.ActiveCfg = Debug|Any CPU
		{94728AD6-49DE-47AF-B581-4ACAB093F32A}.Debug|Any CPU.Build.0 = Debug|Any CPU
		{94728AD6-49DE-47AF-B581-4ACAB093F32A}.Debug|Any CPU.Deploy.0 = Debug|Any CPU
		{94728AD6-49DE-47AF-B581-4ACAB093F32A}.Debug|arm64.ActiveCfg = Debug|Any CPU
		{94728AD6-49DE-47AF-B581-4ACAB093F32A}.Debug|arm64.Build.0 = Debug|Any CPU
		{94728AD6-49DE-47AF-B581-4ACAB093F32A}.Debug|arm64.Deploy.0 = Debug|Any CPU
		{94728AD6-49DE-47AF-B581-4ACAB093F32A}.Debug|x64.ActiveCfg = Debug|Any CPU
		{94728AD6-49DE-47AF-B581-4ACAB093F32A}.Debug|x64.Build.0 = Debug|Any CPU
		{94728AD6-49DE-47AF-B581-4ACAB093F32A}.Debug|x64.Deploy.0 = Debug|Any CPU
		{94728AD6-49DE-47AF-B581-4ACAB093F32A}.Debug|x86.ActiveCfg = Debug|Any CPU
		{94728AD6-49DE-47AF-B581-4ACAB093F32A}.Debug|x86.Build.0 = Debug|Any CPU
		{94728AD6-49DE-47AF-B581-4ACAB093F32A}.Debug|x86.Deploy.0 = Debug|Any CPU
		{94728AD6-49DE-47AF-B581-4ACAB093F32A}.Release|Any CPU.ActiveCfg = Release|Any CPU
		{94728AD6-49DE-47AF-B581-4ACAB093F32A}.Release|Any CPU.Build.0 = Release|Any CPU
		{94728AD6-49DE-47AF-B581-4ACAB093F32A}.Release|Any CPU.Deploy.0 = Release|Any CPU
		{94728AD6-49DE-47AF-B581-4ACAB093F32A}.Release|arm64.ActiveCfg = Release|Any CPU
		{94728AD6-49DE-47AF-B581-4ACAB093F32A}.Release|arm64.Build.0 = Release|Any CPU
		{94728AD6-49DE-47AF-B581-4ACAB093F32A}.Release|arm64.Deploy.0 = Release|Any CPU
		{94728AD6-49DE-47AF-B581-4ACAB093F32A}.Release|x64.ActiveCfg = Release|Any CPU
		{94728AD6-49DE-47AF-B581-4ACAB093F32A}.Release|x64.Build.0 = Release|Any CPU
		{94728AD6-49DE-47AF-B581-4ACAB093F32A}.Release|x64.Deploy.0 = Release|Any CPU
		{94728AD6-49DE-47AF-B581-4ACAB093F32A}.Release|x86.ActiveCfg = Release|Any CPU
		{94728AD6-49DE-47AF-B581-4ACAB093F32A}.Release|x86.Build.0 = Release|Any CPU
		{94728AD6-49DE-47AF-B581-4ACAB093F32A}.Release|x86.Deploy.0 = Release|Any CPU
		{05C478D0-95E6-40BD-A94B-915DD3B4430D}.Debug|Any CPU.ActiveCfg = Debug|x64
		{05C478D0-95E6-40BD-A94B-915DD3B4430D}.Debug|Any CPU.Build.0 = Debug|x64
		{05C478D0-95E6-40BD-A94B-915DD3B4430D}.Debug|arm64.ActiveCfg = Debug|arm64
		{05C478D0-95E6-40BD-A94B-915DD3B4430D}.Debug|arm64.Build.0 = Debug|arm64
		{05C478D0-95E6-40BD-A94B-915DD3B4430D}.Debug|x64.ActiveCfg = Debug|x64
		{05C478D0-95E6-40BD-A94B-915DD3B4430D}.Debug|x64.Build.0 = Debug|x64
		{05C478D0-95E6-40BD-A94B-915DD3B4430D}.Debug|x64.Deploy.0 = Debug|x64
		{05C478D0-95E6-40BD-A94B-915DD3B4430D}.Debug|x86.ActiveCfg = Debug|x86
		{05C478D0-95E6-40BD-A94B-915DD3B4430D}.Debug|x86.Build.0 = Debug|x86
		{05C478D0-95E6-40BD-A94B-915DD3B4430D}.Release|Any CPU.ActiveCfg = Release|x64
		{05C478D0-95E6-40BD-A94B-915DD3B4430D}.Release|Any CPU.Build.0 = Release|x64
		{05C478D0-95E6-40BD-A94B-915DD3B4430D}.Release|arm64.ActiveCfg = Release|arm64
		{05C478D0-95E6-40BD-A94B-915DD3B4430D}.Release|arm64.Build.0 = Release|arm64
		{05C478D0-95E6-40BD-A94B-915DD3B4430D}.Release|x64.ActiveCfg = Release|x64
		{05C478D0-95E6-40BD-A94B-915DD3B4430D}.Release|x64.Build.0 = Release|x64
		{05C478D0-95E6-40BD-A94B-915DD3B4430D}.Release|x86.ActiveCfg = Release|x86
		{05C478D0-95E6-40BD-A94B-915DD3B4430D}.Release|x86.Build.0 = Release|x86
		{4BDA6364-CE19-44BC-8C2E-711C12882B9E}.Debug|Any CPU.ActiveCfg = Debug|Any CPU
		{4BDA6364-CE19-44BC-8C2E-711C12882B9E}.Debug|Any CPU.Build.0 = Debug|Any CPU
		{4BDA6364-CE19-44BC-8C2E-711C12882B9E}.Debug|arm64.ActiveCfg = Debug|Any CPU
		{4BDA6364-CE19-44BC-8C2E-711C12882B9E}.Debug|arm64.Build.0 = Debug|Any CPU
		{4BDA6364-CE19-44BC-8C2E-711C12882B9E}.Debug|x64.ActiveCfg = Debug|Any CPU
		{4BDA6364-CE19-44BC-8C2E-711C12882B9E}.Debug|x64.Build.0 = Debug|Any CPU
		{4BDA6364-CE19-44BC-8C2E-711C12882B9E}.Debug|x86.ActiveCfg = Debug|Any CPU
		{4BDA6364-CE19-44BC-8C2E-711C12882B9E}.Debug|x86.Build.0 = Debug|Any CPU
		{4BDA6364-CE19-44BC-8C2E-711C12882B9E}.Release|Any CPU.ActiveCfg = Release|Any CPU
		{4BDA6364-CE19-44BC-8C2E-711C12882B9E}.Release|Any CPU.Build.0 = Release|Any CPU
		{4BDA6364-CE19-44BC-8C2E-711C12882B9E}.Release|arm64.ActiveCfg = Release|Any CPU
		{4BDA6364-CE19-44BC-8C2E-711C12882B9E}.Release|arm64.Build.0 = Release|Any CPU
		{4BDA6364-CE19-44BC-8C2E-711C12882B9E}.Release|x64.ActiveCfg = Release|Any CPU
		{4BDA6364-CE19-44BC-8C2E-711C12882B9E}.Release|x64.Build.0 = Release|Any CPU
		{4BDA6364-CE19-44BC-8C2E-711C12882B9E}.Release|x86.ActiveCfg = Release|Any CPU
		{4BDA6364-CE19-44BC-8C2E-711C12882B9E}.Release|x86.Build.0 = Release|Any CPU
		{93415FC7-984C-415A-9DAF-0A837E193D4D}.Debug|Any CPU.ActiveCfg = Debug|Any CPU
		{93415FC7-984C-415A-9DAF-0A837E193D4D}.Debug|Any CPU.Build.0 = Debug|Any CPU
		{93415FC7-984C-415A-9DAF-0A837E193D4D}.Debug|arm64.ActiveCfg = Debug|Any CPU
		{93415FC7-984C-415A-9DAF-0A837E193D4D}.Debug|arm64.Build.0 = Debug|Any CPU
		{93415FC7-984C-415A-9DAF-0A837E193D4D}.Debug|x64.ActiveCfg = Debug|Any CPU
		{93415FC7-984C-415A-9DAF-0A837E193D4D}.Debug|x64.Build.0 = Debug|Any CPU
		{93415FC7-984C-415A-9DAF-0A837E193D4D}.Debug|x86.ActiveCfg = Debug|Any CPU
		{93415FC7-984C-415A-9DAF-0A837E193D4D}.Debug|x86.Build.0 = Debug|Any CPU
		{93415FC7-984C-415A-9DAF-0A837E193D4D}.Release|Any CPU.ActiveCfg = Release|Any CPU
		{93415FC7-984C-415A-9DAF-0A837E193D4D}.Release|Any CPU.Build.0 = Release|Any CPU
		{93415FC7-984C-415A-9DAF-0A837E193D4D}.Release|arm64.ActiveCfg = Release|Any CPU
		{93415FC7-984C-415A-9DAF-0A837E193D4D}.Release|arm64.Build.0 = Release|Any CPU
		{93415FC7-984C-415A-9DAF-0A837E193D4D}.Release|x64.ActiveCfg = Release|Any CPU
		{93415FC7-984C-415A-9DAF-0A837E193D4D}.Release|x64.Build.0 = Release|Any CPU
		{93415FC7-984C-415A-9DAF-0A837E193D4D}.Release|x86.ActiveCfg = Release|Any CPU
		{93415FC7-984C-415A-9DAF-0A837E193D4D}.Release|x86.Build.0 = Release|Any CPU
		{8B0951FC-E83D-4D6F-AC7A-AA6065638486}.Debug|Any CPU.ActiveCfg = Debug|Any CPU
		{8B0951FC-E83D-4D6F-AC7A-AA6065638486}.Debug|Any CPU.Build.0 = Debug|Any CPU
		{8B0951FC-E83D-4D6F-AC7A-AA6065638486}.Debug|arm64.ActiveCfg = Debug|Any CPU
		{8B0951FC-E83D-4D6F-AC7A-AA6065638486}.Debug|arm64.Build.0 = Debug|Any CPU
		{8B0951FC-E83D-4D6F-AC7A-AA6065638486}.Debug|x64.ActiveCfg = Debug|Any CPU
		{8B0951FC-E83D-4D6F-AC7A-AA6065638486}.Debug|x64.Build.0 = Debug|Any CPU
		{8B0951FC-E83D-4D6F-AC7A-AA6065638486}.Debug|x86.ActiveCfg = Debug|Any CPU
		{8B0951FC-E83D-4D6F-AC7A-AA6065638486}.Debug|x86.Build.0 = Debug|Any CPU
		{8B0951FC-E83D-4D6F-AC7A-AA6065638486}.Release|Any CPU.ActiveCfg = Release|Any CPU
		{8B0951FC-E83D-4D6F-AC7A-AA6065638486}.Release|Any CPU.Build.0 = Release|Any CPU
		{8B0951FC-E83D-4D6F-AC7A-AA6065638486}.Release|arm64.ActiveCfg = Release|Any CPU
		{8B0951FC-E83D-4D6F-AC7A-AA6065638486}.Release|arm64.Build.0 = Release|Any CPU
		{8B0951FC-E83D-4D6F-AC7A-AA6065638486}.Release|x64.ActiveCfg = Release|Any CPU
		{8B0951FC-E83D-4D6F-AC7A-AA6065638486}.Release|x64.Build.0 = Release|Any CPU
		{8B0951FC-E83D-4D6F-AC7A-AA6065638486}.Release|x86.ActiveCfg = Release|Any CPU
		{8B0951FC-E83D-4D6F-AC7A-AA6065638486}.Release|x86.Build.0 = Release|Any CPU
		{16D0F80F-7673-4935-ACF5-310E729A7B82}.Debug|Any CPU.ActiveCfg = Debug|Any CPU
		{16D0F80F-7673-4935-ACF5-310E729A7B82}.Debug|Any CPU.Build.0 = Debug|Any CPU
		{16D0F80F-7673-4935-ACF5-310E729A7B82}.Debug|arm64.ActiveCfg = Debug|Any CPU
		{16D0F80F-7673-4935-ACF5-310E729A7B82}.Debug|arm64.Build.0 = Debug|Any CPU
		{16D0F80F-7673-4935-ACF5-310E729A7B82}.Debug|x64.ActiveCfg = Debug|Any CPU
		{16D0F80F-7673-4935-ACF5-310E729A7B82}.Debug|x64.Build.0 = Debug|Any CPU
		{16D0F80F-7673-4935-ACF5-310E729A7B82}.Debug|x86.ActiveCfg = Debug|Any CPU
		{16D0F80F-7673-4935-ACF5-310E729A7B82}.Debug|x86.Build.0 = Debug|Any CPU
		{16D0F80F-7673-4935-ACF5-310E729A7B82}.Release|Any CPU.ActiveCfg = Release|Any CPU
		{16D0F80F-7673-4935-ACF5-310E729A7B82}.Release|Any CPU.Build.0 = Release|Any CPU
		{16D0F80F-7673-4935-ACF5-310E729A7B82}.Release|arm64.ActiveCfg = Release|Any CPU
		{16D0F80F-7673-4935-ACF5-310E729A7B82}.Release|arm64.Build.0 = Release|Any CPU
		{16D0F80F-7673-4935-ACF5-310E729A7B82}.Release|x64.ActiveCfg = Release|Any CPU
		{16D0F80F-7673-4935-ACF5-310E729A7B82}.Release|x64.Build.0 = Release|Any CPU
		{16D0F80F-7673-4935-ACF5-310E729A7B82}.Release|x86.ActiveCfg = Release|Any CPU
		{16D0F80F-7673-4935-ACF5-310E729A7B82}.Release|x86.Build.0 = Release|Any CPU
		{955F12E6-E144-4333-A344-276D20A5FCE0}.Debug|Any CPU.ActiveCfg = Debug|Any CPU
		{955F12E6-E144-4333-A344-276D20A5FCE0}.Debug|Any CPU.Build.0 = Debug|Any CPU
		{955F12E6-E144-4333-A344-276D20A5FCE0}.Debug|arm64.ActiveCfg = Debug|Any CPU
		{955F12E6-E144-4333-A344-276D20A5FCE0}.Debug|arm64.Build.0 = Debug|Any CPU
		{955F12E6-E144-4333-A344-276D20A5FCE0}.Debug|x64.ActiveCfg = Debug|Any CPU
		{955F12E6-E144-4333-A344-276D20A5FCE0}.Debug|x64.Build.0 = Debug|Any CPU
		{955F12E6-E144-4333-A344-276D20A5FCE0}.Debug|x86.ActiveCfg = Debug|Any CPU
		{955F12E6-E144-4333-A344-276D20A5FCE0}.Debug|x86.Build.0 = Debug|Any CPU
		{955F12E6-E144-4333-A344-276D20A5FCE0}.Release|Any CPU.ActiveCfg = Release|Any CPU
		{955F12E6-E144-4333-A344-276D20A5FCE0}.Release|Any CPU.Build.0 = Release|Any CPU
		{955F12E6-E144-4333-A344-276D20A5FCE0}.Release|arm64.ActiveCfg = Release|Any CPU
		{955F12E6-E144-4333-A344-276D20A5FCE0}.Release|arm64.Build.0 = Release|Any CPU
		{955F12E6-E144-4333-A344-276D20A5FCE0}.Release|x64.ActiveCfg = Release|Any CPU
		{955F12E6-E144-4333-A344-276D20A5FCE0}.Release|x64.Build.0 = Release|Any CPU
		{955F12E6-E144-4333-A344-276D20A5FCE0}.Release|x86.ActiveCfg = Release|Any CPU
		{955F12E6-E144-4333-A344-276D20A5FCE0}.Release|x86.Build.0 = Release|Any CPU
		{BB2A9F3F-710F-41C4-B459-9989C4E27472}.Debug|Any CPU.ActiveCfg = Debug|Any CPU
		{BB2A9F3F-710F-41C4-B459-9989C4E27472}.Debug|Any CPU.Build.0 = Debug|Any CPU
		{BB2A9F3F-710F-41C4-B459-9989C4E27472}.Debug|arm64.ActiveCfg = Debug|Any CPU
		{BB2A9F3F-710F-41C4-B459-9989C4E27472}.Debug|arm64.Build.0 = Debug|Any CPU
		{BB2A9F3F-710F-41C4-B459-9989C4E27472}.Debug|x64.ActiveCfg = Debug|Any CPU
		{BB2A9F3F-710F-41C4-B459-9989C4E27472}.Debug|x64.Build.0 = Debug|Any CPU
		{BB2A9F3F-710F-41C4-B459-9989C4E27472}.Debug|x86.ActiveCfg = Debug|Any CPU
		{BB2A9F3F-710F-41C4-B459-9989C4E27472}.Debug|x86.Build.0 = Debug|Any CPU
		{BB2A9F3F-710F-41C4-B459-9989C4E27472}.Release|Any CPU.ActiveCfg = Release|Any CPU
		{BB2A9F3F-710F-41C4-B459-9989C4E27472}.Release|Any CPU.Build.0 = Release|Any CPU
		{BB2A9F3F-710F-41C4-B459-9989C4E27472}.Release|arm64.ActiveCfg = Release|Any CPU
		{BB2A9F3F-710F-41C4-B459-9989C4E27472}.Release|arm64.Build.0 = Release|Any CPU
		{BB2A9F3F-710F-41C4-B459-9989C4E27472}.Release|x64.ActiveCfg = Release|Any CPU
		{BB2A9F3F-710F-41C4-B459-9989C4E27472}.Release|x64.Build.0 = Release|Any CPU
		{BB2A9F3F-710F-41C4-B459-9989C4E27472}.Release|x86.ActiveCfg = Release|Any CPU
		{BB2A9F3F-710F-41C4-B459-9989C4E27472}.Release|x86.Build.0 = Release|Any CPU
		{0C13FE29-9785-441B-8C86-B0F3435CD771}.Debug|Any CPU.ActiveCfg = Debug|Any CPU
		{0C13FE29-9785-441B-8C86-B0F3435CD771}.Debug|Any CPU.Build.0 = Debug|Any CPU
		{0C13FE29-9785-441B-8C86-B0F3435CD771}.Debug|arm64.ActiveCfg = Debug|Any CPU
		{0C13FE29-9785-441B-8C86-B0F3435CD771}.Debug|arm64.Build.0 = Debug|Any CPU
		{0C13FE29-9785-441B-8C86-B0F3435CD771}.Debug|x64.ActiveCfg = Debug|Any CPU
		{0C13FE29-9785-441B-8C86-B0F3435CD771}.Debug|x64.Build.0 = Debug|Any CPU
		{0C13FE29-9785-441B-8C86-B0F3435CD771}.Debug|x86.ActiveCfg = Debug|Any CPU
		{0C13FE29-9785-441B-8C86-B0F3435CD771}.Debug|x86.Build.0 = Debug|Any CPU
		{0C13FE29-9785-441B-8C86-B0F3435CD771}.Release|Any CPU.ActiveCfg = Release|Any CPU
		{0C13FE29-9785-441B-8C86-B0F3435CD771}.Release|Any CPU.Build.0 = Release|Any CPU
		{0C13FE29-9785-441B-8C86-B0F3435CD771}.Release|arm64.ActiveCfg = Release|Any CPU
		{0C13FE29-9785-441B-8C86-B0F3435CD771}.Release|arm64.Build.0 = Release|Any CPU
		{0C13FE29-9785-441B-8C86-B0F3435CD771}.Release|x64.ActiveCfg = Release|Any CPU
		{0C13FE29-9785-441B-8C86-B0F3435CD771}.Release|x64.Build.0 = Release|Any CPU
		{0C13FE29-9785-441B-8C86-B0F3435CD771}.Release|x86.ActiveCfg = Release|Any CPU
		{0C13FE29-9785-441B-8C86-B0F3435CD771}.Release|x86.Build.0 = Release|Any CPU
	EndGlobalSection
	GlobalSection(SolutionProperties) = preSolution
		HideSolutionNode = FALSE
	EndGlobalSection
	GlobalSection(NestedProjects) = preSolution
		{A2D7F047-001D-4410-A542-0BEAAE9B9121} = {A5B12827-B010-4668-A5BD-99AC8BFDC98C}
		{E738AA48-B59E-4EA0-90CF-29A222F7150C} = {A5B12827-B010-4668-A5BD-99AC8BFDC98C}
		{AC120A32-DFBB-4F4B-992A-49A6830C55DF} = {E738AA48-B59E-4EA0-90CF-29A222F7150C}
		{94728AD6-49DE-47AF-B581-4ACAB093F32A} = {E738AA48-B59E-4EA0-90CF-29A222F7150C}
		{05C478D0-95E6-40BD-A94B-915DD3B4430D} = {E738AA48-B59E-4EA0-90CF-29A222F7150C}
		{4BDA6364-CE19-44BC-8C2E-711C12882B9E} = {E738AA48-B59E-4EA0-90CF-29A222F7150C}
		{93415FC7-984C-415A-9DAF-0A837E193D4D} = {E738AA48-B59E-4EA0-90CF-29A222F7150C}
		{8B0951FC-E83D-4D6F-AC7A-AA6065638486} = {E738AA48-B59E-4EA0-90CF-29A222F7150C}
		{16D0F80F-7673-4935-ACF5-310E729A7B82} = {E738AA48-B59E-4EA0-90CF-29A222F7150C}
		{955F12E6-E144-4333-A344-276D20A5FCE0} = {CC666E2E-43FC-4835-8E5B-763A8EE8C9A8}
		{BB2A9F3F-710F-41C4-B459-9989C4E27472} = {CC666E2E-43FC-4835-8E5B-763A8EE8C9A8}
		{0C13FE29-9785-441B-8C86-B0F3435CD771} = {CC666E2E-43FC-4835-8E5B-763A8EE8C9A8}
	EndGlobalSection
	GlobalSection(ExtensibilityGlobals) = postSolution
		SolutionGuid = {197DDCDA-676B-4612-9187-3B72A9FFAD14}
	EndGlobalSection
EndGlobal
